
Microsoft Visual Studio Solution File, Format Version 12.00
# Visual Studio Version 16
VisualStudioVersion = 16.0.809.9
MinimumVisualStudioVersion = 10.0.40219.1
Project("{8BC9CEB9-8B4A-11D0-8D11-00A0C91BC942}") = "DOTweenEditor", "DOTweenEditor.dll", "{A6ADF67B-26A8-4E0D-B570-C1DA787DCB72}"
EndProject
Global
	GlobalSection(SolutionConfigurationPlatforms) = preSolution
		Default|Any CPU = Default|Any CPU
	EndGlobalSection
	GlobalSection(ProjectConfigurationPlatforms) = postSolution
		{A6ADF67B-26A8-4E0D-B570-C1DA787DCB72}.Default|Any CPU.ActiveCfg = Default|Any CPU
		{A6ADF67B-26A8-4E0D-B570-C1DA787DCB72}.Default|Any CPU.Build.0 = Default|Any CPU
	EndGlobalSection
	GlobalSection(SolutionProperties) = preSolution
		HideSolutionNode = FALSE
	EndGlobalSection
	GlobalSection(ExtensibilityGlobals) = postSolution
		SolutionGuid = {BC81A743-1D61-4FA7-98BF-BDAB2F2F5FAD}
	EndGlobalSection
EndGlobal
